
Microsoft Visual Studio Solution File, Format Version 12.00
# Visual Studio Version 17
VisualStudioVersion = 17.7.34024.191
MinimumVisualStudioVersion = 10.0.40219.1
Project("{8BC9CEB8-8B4A-11D0-8D11-00A0C91BC942}") = "FirstConsoleAplication", "FirstConsoleAplication\FirstConsoleAplication.vcxproj", "{E52C56CD-BDC4-4748-89AE-2D0CD0525AF0}"
EndProject
Project("{2150E333-8FDC-42A3-9474-1A3956D46DE8}") = "01_pp", "01_pp", "{3DD62D6A-F786-4680-A91B-67F62EEBC987}"
EndProject
Project("{8BC9CEB8-8B4A-11D0-8D11-00A0C91BC942}") = "ConsoleApplicationInstructionIf", "ConsoleApplicationInstructionIf\ConsoleApplicationInstructionIf.vcxproj", "{E83D1B14-3745-4EAE-9433-5C3069F49FDE}"
EndProject
Project("{8BC9CEB8-8B4A-11D0-8D11-00A0C91BC942}") = "loop_for", "loop_for\loop_for.vcxproj", "{49BB905E-A0CC-4552-8CAC-C687B4FB3AE1}"
EndProject
Project("{8BC9CEB8-8B4A-11D0-8D11-00A0C91BC942}") = "StringConsoleApp", "StringConsoleApp\StringConsoleApp.vcxproj", "{17FA5C69-E302-4084-8FBA-0167156B3217}"
EndProject
Project("{2150E333-8FDC-42A3-9474-1A3956D46DE8}") = "04_array", "04_array", "{11E4092F-3C6C-4F9E-94A1-B95B4EFD1EDC}"
EndProject
Project("{8BC9CEB8-8B4A-11D0-8D11-00A0C91BC942}") = "array_am", "array_am\array_am.vcxproj", "{3782DA7E-FF15-4114-A5F3-7A2897167844}"
EndProject
Project("{2150E333-8FDC-42A3-9474-1A3956D46DE8}") = "05_struct", "05_struct", "{49E5D898-2D22-478E-91D9-79D9D79D1DC3}"
EndProject
Project("{8BC9CEB8-8B4A-11D0-8D11-00A0C91BC942}") = "struct_am", "struct_am\struct_am.vcxproj", "{CB3B0CAA-1A4B-4C29-804E-9C7646D99A94}"
EndProject
Project("{2150E333-8FDC-42A3-9474-1A3956D46DE8}") = "Programowanie Strukturalne", "Programowanie Strukturalne", "{6EDC97B6-4DF9-4257-99D7-D6156BD7F47A}"
EndProject
Project("{2150E333-8FDC-42A3-9474-1A3956D46DE8}") = "Programowanie Obiektowe", "Programowanie Obiektowe", "{239BCBC9-7EA7-49C0-BEC7-F32279419BEB}"
EndProject
Project("{2150E333-8FDC-42A3-9474-1A3956D46DE8}") = "02_if", "02_if", "{A8FD77E6-B68C-4681-A593-BAC20F62237B}"
EndProject
Project("{2150E333-8FDC-42A3-9474-1A3956D46DE8}") = "03_string", "03_string", "{F89E9738-5774-4A22-BCCE-379AC7A98C9D}"
EndProject
Project("{8BC9CEB8-8B4A-11D0-8D11-00A0C91BC942}") = "FirstObjectConsoleAplication", "01_Podstawy\01_Podstawy.vcxproj", "{6A2733D1-65ED-4705-A28B-0D8BE77E25E5}"
EndProject
Project("{2150E333-8FDC-42A3-9474-1A3956D46DE8}") = "01_Podstawy", "01_Podstawy", "{4289EF80-C8A7-41A5-97DC-EBE9BB3188B9}"
EndProject
Project("{2150E333-8FDC-42A3-9474-1A3956D46DE8}") = "02_Dziedziczenie", "02_Dziedziczenie", "{C4BA52C5-2366-401E-BC0D-045A6D8823C2}"
EndProject
Project("{8BC9CEB8-8B4A-11D0-8D11-00A0C91BC942}") = "firstInheritanceConsoleApp", "firstInheritanceConsoleApp\firstInheritanceConsoleApp.vcxproj", "{9193A024-C826-42E8-AD5F-205AB2FCEB30}"
EndProject
Project("{2150E333-8FDC-42A3-9474-1A3956D46DE8}") = "03_geometria", "03_geometria", "{68F132E1-6B31-4781-A445-0810BB984494}"
EndProject
Project("{8BC9CEB8-8B4A-11D0-8D11-00A0C91BC942}") = "GeometryConsoleApp", "GeometryConsoleApp\GeometryConsoleApp.vcxproj", "{B1BD46A4-B093-4F45-9212-BABDACB0FEB8}"
EndProject
Project("{2150E333-8FDC-42A3-9474-1A3956D46DE8}") = "04_TTT", "04_TTT", "{EFC140D6-C67F-45EC-82A1-D91C19B7B138}"
EndProject
Project("{8BC9CEB8-8B4A-11D0-8D11-00A0C91BC942}") = "ObjectTicTacToe", "ObjectTicTacToe\ObjectTicTacToe.vcxproj", "{0539518B-40B0-4EAF-ACE5-4AF6BF8B6AEC}"
EndProject
Project("{2150E333-8FDC-42A3-9474-1A3956D46DE8}") = "05_Zadania", "05_Zadania", "{5D230F8B-900A-4972-8B1D-98CACFF361A1}"
EndProject
Project("{8BC9CEB8-8B4A-11D0-8D11-00A0C91BC942}") = "ZadaniaNaOcene", "ZadaniaNaOcene\ZadaniaNaOcene.vcxproj", "{7B33B99F-191E-4480-AF9F-32A1267CA91E}"
EndProject
Global
	GlobalSection(SolutionConfigurationPlatforms) = preSolution
		Debug|x64 = Debug|x64
		Debug|x86 = Debug|x86
		Release|x64 = Release|x64
		Release|x86 = Release|x86
	EndGlobalSection
	GlobalSection(ProjectConfigurationPlatforms) = postSolution
		{E52C56CD-BDC4-4748-89AE-2D0CD0525AF0}.Debug|x64.ActiveCfg = Debug|x64
		{E52C56CD-BDC4-4748-89AE-2D0CD0525AF0}.Debug|x64.Build.0 = Debug|x64
		{E52C56CD-BDC4-4748-89AE-2D0CD0525AF0}.Debug|x86.ActiveCfg = Debug|Win32
		{E52C56CD-BDC4-4748-89AE-2D0CD0525AF0}.Debug|x86.Build.0 = Debug|Win32
		{E52C56CD-BDC4-4748-89AE-2D0CD0525AF0}.Release|x64.ActiveCfg = Release|x64
		{E52C56CD-BDC4-4748-89AE-2D0CD0525AF0}.Release|x64.Build.0 = Release|x64
		{E52C56CD-BDC4-4748-89AE-2D0CD0525AF0}.Release|x86.ActiveCfg = Release|Win32
		{E52C56CD-BDC4-4748-89AE-2D0CD0525AF0}.Release|x86.Build.0 = Release|Win32
		{E83D1B14-3745-4EAE-9433-5C3069F49FDE}.Debug|x64.ActiveCfg = Debug|x64
		{E83D1B14-3745-4EAE-9433-5C3069F49FDE}.Debug|x64.Build.0 = Debug|x64
		{E83D1B14-3745-4EAE-9433-5C3069F49FDE}.Debug|x86.ActiveCfg = Debug|Win32
		{E83D1B14-3745-4EAE-9433-5C3069F49FDE}.Debug|x86.Build.0 = Debug|Win32
		{E83D1B14-3745-4EAE-9433-5C3069F49FDE}.Release|x64.ActiveCfg = Release|x64
		{E83D1B14-3745-4EAE-9433-5C3069F49FDE}.Release|x64.Build.0 = Release|x64
		{E83D1B14-3745-4EAE-9433-5C3069F49FDE}.Release|x86.ActiveCfg = Release|Win32
		{E83D1B14-3745-4EAE-9433-5C3069F49FDE}.Release|x86.Build.0 = Release|Win32
		{49BB905E-A0CC-4552-8CAC-C687B4FB3AE1}.Debug|x64.ActiveCfg = Debug|x64
		{49BB905E-A0CC-4552-8CAC-C687B4FB3AE1}.Debug|x64.Build.0 = Debug|x64
		{49BB905E-A0CC-4552-8CAC-C687B4FB3AE1}.Debug|x86.ActiveCfg = Debug|Win32
		{49BB905E-A0CC-4552-8CAC-C687B4FB3AE1}.Debug|x86.Build.0 = Debug|Win32
		{49BB905E-A0CC-4552-8CAC-C687B4FB3AE1}.Release|x64.ActiveCfg = Release|x64
		{49BB905E-A0CC-4552-8CAC-C687B4FB3AE1}.Release|x64.Build.0 = Release|x64
		{49BB905E-A0CC-4552-8CAC-C687B4FB3AE1}.Release|x86.ActiveCfg = Release|Win32
		{49BB905E-A0CC-4552-8CAC-C687B4FB3AE1}.Release|x86.Build.0 = Release|Win32
		{17FA5C69-E302-4084-8FBA-0167156B3217}.Debug|x64.ActiveCfg = Debug|x64
		{17FA5C69-E302-4084-8FBA-0167156B3217}.Debug|x64.Build.0 = Debug|x64
		{17FA5C69-E302-4084-8FBA-0167156B3217}.Debug|x86.ActiveCfg = Debug|Win32
		{17FA5C69-E302-4084-8FBA-0167156B3217}.Debug|x86.Build.0 = Debug|Win32
		{17FA5C69-E302-4084-8FBA-0167156B3217}.Release|x64.ActiveCfg = Release|x64
		{17FA5C69-E302-4084-8FBA-0167156B3217}.Release|x64.Build.0 = Release|x64
		{17FA5C69-E302-4084-8FBA-0167156B3217}.Release|x86.ActiveCfg = Release|Win32
		{17FA5C69-E302-4084-8FBA-0167156B3217}.Release|x86.Build.0 = Release|Win32
		{3782DA7E-FF15-4114-A5F3-7A2897167844}.Debug|x64.ActiveCfg = Debug|x64
		{3782DA7E-FF15-4114-A5F3-7A2897167844}.Debug|x64.Build.0 = Debug|x64
		{3782DA7E-FF15-4114-A5F3-7A2897167844}.Debug|x86.ActiveCfg = Debug|Win32
		{3782DA7E-FF15-4114-A5F3-7A2897167844}.Debug|x86.Build.0 = Debug|Win32
		{3782DA7E-FF15-4114-A5F3-7A2897167844}.Release|x64.ActiveCfg = Release|x64
		{3782DA7E-FF15-4114-A5F3-7A2897167844}.Release|x64.Build.0 = Release|x64
		{3782DA7E-FF15-4114-A5F3-7A2897167844}.Release|x86.ActiveCfg = Release|Win32
		{3782DA7E-FF15-4114-A5F3-7A2897167844}.Release|x86.Build.0 = Release|Win32
		{CB3B0CAA-1A4B-4C29-804E-9C7646D99A94}.Debug|x64.ActiveCfg = Debug|x64
		{CB3B0CAA-1A4B-4C29-804E-9C7646D99A94}.Debug|x64.Build.0 = Debug|x64
		{CB3B0CAA-1A4B-4C29-804E-9C7646D99A94}.Debug|x86.ActiveCfg = Debug|Win32
		{CB3B0CAA-1A4B-4C29-804E-9C7646D99A94}.Debug|x86.Build.0 = Debug|Win32
		{CB3B0CAA-1A4B-4C29-804E-9C7646D99A94}.Release|x64.ActiveCfg = Release|x64
		{CB3B0CAA-1A4B-4C29-804E-9C7646D99A94}.Release|x64.Build.0 = Release|x64
		{CB3B0CAA-1A4B-4C29-804E-9C7646D99A94}.Release|x86.ActiveCfg = Release|Win32
		{CB3B0CAA-1A4B-4C29-804E-9C7646D99A94}.Release|x86.Build.0 = Release|Win32
		{6A2733D1-65ED-4705-A28B-0D8BE77E25E5}.Debug|x64.ActiveCfg = Debug|x64
		{6A2733D1-65ED-4705-A28B-0D8BE77E25E5}.Debug|x64.Build.0 = Debug|x64
		{6A2733D1-65ED-4705-A28B-0D8BE77E25E5}.Debug|x86.ActiveCfg = Debug|Win32
		{6A2733D1-65ED-4705-A28B-0D8BE77E25E5}.Debug|x86.Build.0 = Debug|Win32
		{6A2733D1-65ED-4705-A28B-0D8BE77E25E5}.Release|x64.ActiveCfg = Release|x64
		{6A2733D1-65ED-4705-A28B-0D8BE77E25E5}.Release|x64.Build.0 = Release|x64
		{6A2733D1-65ED-4705-A28B-0D8BE77E25E5}.Release|x86.ActiveCfg = Release|Win32
		{6A2733D1-65ED-4705-A28B-0D8BE77E25E5}.Release|x86.Build.0 = Release|Win32
		{9193A024-C826-42E8-AD5F-205AB2FCEB30}.Debug|x64.ActiveCfg = Debug|x64
		{9193A024-C826-42E8-AD5F-205AB2FCEB30}.Debug|x64.Build.0 = Debug|x64
		{9193A024-C826-42E8-AD5F-205AB2FCEB30}.Debug|x86.ActiveCfg = Debug|Win32
		{9193A024-C826-42E8-AD5F-205AB2FCEB30}.Debug|x86.Build.0 = Debug|Win32
		{9193A024-C826-42E8-AD5F-205AB2FCEB30}.Release|x64.ActiveCfg = Release|x64
		{9193A024-C826-42E8-AD5F-205AB2FCEB30}.Release|x64.Build.0 = Release|x64
		{9193A024-C826-42E8-AD5F-205AB2FCEB30}.Release|x86.ActiveCfg = Release|Win32
		{9193A024-C826-42E8-AD5F-205AB2FCEB30}.Release|x86.Build.0 = Release|Win32
		{B1BD46A4-B093-4F45-9212-BABDACB0FEB8}.Debug|x64.ActiveCfg = Debug|x64
		{B1BD46A4-B093-4F45-9212-BABDACB0FEB8}.Debug|x64.Build.0 = Debug|x64
		{B1BD46A4-B093-4F45-9212-BABDACB0FEB8}.Debug|x86.ActiveCfg = Debug|Win32
		{B1BD46A4-B093-4F45-9212-BABDACB0FEB8}.Debug|x86.Build.0 = Debug|Win32
		{B1BD46A4-B093-4F45-9212-BABDACB0FEB8}.Release|x64.ActiveCfg = Release|x64
		{B1BD46A4-B093-4F45-9212-BABDACB0FEB8}.Release|x64.Build.0 = Release|x64
		{B1BD46A4-B093-4F45-9212-BABDACB0FEB8}.Release|x86.ActiveCfg = Release|Win32
		{B1BD46A4-B093-4F45-9212-BABDACB0FEB8}.Release|x86.Build.0 = Release|Win32
		{0539518B-40B0-4EAF-ACE5-4AF6BF8B6AEC}.Debug|x64.ActiveCfg = Debug|x64
		{0539518B-40B0-4EAF-ACE5-4AF6BF8B6AEC}.Debug|x64.Build.0 = Debug|x64
		{0539518B-40B0-4EAF-ACE5-4AF6BF8B6AEC}.Debug|x86.ActiveCfg = Debug|Win32
		{0539518B-40B0-4EAF-ACE5-4AF6BF8B6AEC}.Debug|x86.Build.0 = Debug|Win32
		{0539518B-40B0-4EAF-ACE5-4AF6BF8B6AEC}.Release|x64.ActiveCfg = Release|x64
		{0539518B-40B0-4EAF-ACE5-4AF6BF8B6AEC}.Release|x64.Build.0 = Release|x64
		{0539518B-40B0-4EAF-ACE5-4AF6BF8B6AEC}.Release|x86.ActiveCfg = Release|Win32
		{0539518B-40B0-4EAF-ACE5-4AF6BF8B6AEC}.Release|x86.Build.0 = Release|Win32
		{7B33B99F-191E-4480-AF9F-32A1267CA91E}.Debug|x64.ActiveCfg = Debug|x64
		{7B33B99F-191E-4480-AF9F-32A1267CA91E}.Debug|x64.Build.0 = Debug|x64
		{7B33B99F-191E-4480-AF9F-32A1267CA91E}.Debug|x86.ActiveCfg = Debug|Win32
		{7B33B99F-191E-4480-AF9F-32A1267CA91E}.Debug|x86.Build.0 = Debug|Win32
		{7B33B99F-191E-4480-AF9F-32A1267CA91E}.Release|x64.ActiveCfg = Release|x64
		{7B33B99F-191E-4480-AF9F-32A1267CA91E}.Release|x64.Build.0 = Release|x64
		{7B33B99F-191E-4480-AF9F-32A1267CA91E}.Release|x86.ActiveCfg = Release|Win32
		{7B33B99F-191E-4480-AF9F-32A1267CA91E}.Release|x86.Build.0 = Release|Win32
	EndGlobalSection
	GlobalSection(SolutionProperties) = preSolution
		HideSolutionNode = FALSE
	EndGlobalSection
	GlobalSection(NestedProjects) = preSolution
		{E52C56CD-BDC4-4748-89AE-2D0CD0525AF0} = {3DD62D6A-F786-4680-A91B-67F62EEBC987}
		{3DD62D6A-F786-4680-A91B-67F62EEBC987} = {6EDC97B6-4DF9-4257-99D7-D6156BD7F47A}
		{E83D1B14-3745-4EAE-9433-5C3069F49FDE} = {A8FD77E6-B68C-4681-A593-BAC20F62237B}
		{49BB905E-A0CC-4552-8CAC-C687B4FB3AE1} = {3DD62D6A-F786-4680-A91B-67F62EEBC987}
		{17FA5C69-E302-4084-8FBA-0167156B3217} = {F89E9738-5774-4A22-BCCE-379AC7A98C9D}
		{11E4092F-3C6C-4F9E-94A1-B95B4EFD1EDC} = {6EDC97B6-4DF9-4257-99D7-D6156BD7F47A}
		{3782DA7E-FF15-4114-A5F3-7A2897167844} = {11E4092F-3C6C-4F9E-94A1-B95B4EFD1EDC}
		{49E5D898-2D22-478E-91D9-79D9D79D1DC3} = {6EDC97B6-4DF9-4257-99D7-D6156BD7F47A}
		{CB3B0CAA-1A4B-4C29-804E-9C7646D99A94} = {49E5D898-2D22-478E-91D9-79D9D79D1DC3}
		{A8FD77E6-B68C-4681-A593-BAC20F62237B} = {6EDC97B6-4DF9-4257-99D7-D6156BD7F47A}
		{F89E9738-5774-4A22-BCCE-379AC7A98C9D} = {6EDC97B6-4DF9-4257-99D7-D6156BD7F47A}
		{6A2733D1-65ED-4705-A28B-0D8BE77E25E5} = {4289EF80-C8A7-41A5-97DC-EBE9BB3188B9}
		{4289EF80-C8A7-41A5-97DC-EBE9BB3188B9} = {239BCBC9-7EA7-49C0-BEC7-F32279419BEB}
		{C4BA52C5-2366-401E-BC0D-045A6D8823C2} = {239BCBC9-7EA7-49C0-BEC7-F32279419BEB}
		{9193A024-C826-42E8-AD5F-205AB2FCEB30} = {C4BA52C5-2366-401E-BC0D-045A6D8823C2}
		{68F132E1-6B31-4781-A445-0810BB984494} = {239BCBC9-7EA7-49C0-BEC7-F32279419BEB}
		{B1BD46A4-B093-4F45-9212-BABDACB0FEB8} = {68F132E1-6B31-4781-A445-0810BB984494}
		{EFC140D6-C67F-45EC-82A1-D91C19B7B138} = {239BCBC9-7EA7-49C0-BEC7-F32279419BEB}
		{0539518B-40B0-4EAF-ACE5-4AF6BF8B6AEC} = {EFC140D6-C67F-45EC-82A1-D91C19B7B138}
		{5D230F8B-900A-4972-8B1D-98CACFF361A1} = {239BCBC9-7EA7-49C0-BEC7-F32279419BEB}
		{7B33B99F-191E-4480-AF9F-32A1267CA91E} = {5D230F8B-900A-4972-8B1D-98CACFF361A1}
	EndGlobalSection
	GlobalSection(ExtensibilityGlobals) = postSolution
		SolutionGuid = {B6746614-DE51-434F-9938-F3711A0B48AB}
	EndGlobalSection
EndGlobal
